{
    "_meta": {
        "hash": {
            "sha256": "541f076a07760dadd036ebc868f156c0891278183ffcf9ad6786e91fe85646d6"
        },
        "pipfile-spec": 6,
        "requires": {
            "python_version": "3.10"
        },
        "sources": [
            {
                "name": "pypi",
                "url": "https://pypi.org/simple",
                "verify_ssl": true
            }
        ]
    },
    "default": {
        "dearpygui": {
            "hashes": [
                "sha256:1ac323778cfb860281065a8ca9a1aae53ccb86ea92f55d0612305639eaa59bd5",
                "sha256:3260ce78879f22f5ca2345a4ee7f940ddd725527cdb3de16ab0fccdd79f88490",
                "sha256:398e2ccccab38092faa3d4ebf1c08d9898a516d626fa7b8aa026eef74fa4126f",
                "sha256:3ea650b8c3fdf2076816d6e3374bb906c92394377c603bc119082a9e14828095",
                "sha256:402618f3f523c8c368710b1fd6961c076a0096a6166927d2a3846f8b1b5df8bf",
                "sha256:54a3b692c6d20ead2d8c3d0358252803737043a83ebea03129024a6d77816df3",
                "sha256:55f1034d431febc550935c71bad603afcccb6f2ac333a1ecb6d132df2fbfaef1",
                "sha256:57818d203639d2956ebe209669c371b8055e314971d6cac3ac3095d659f7ea4a",
                "sha256:6c842f71a930a93a076c549ae4e46ef482c918a350f8cd011a98d0a8774b925d",
                "sha256:721a1bd6a95bc8c0da486116eeffc475799b39144c941f4af604d19d7d063d88",
                "sha256:7cf534cb7662e9f49ee93cb4ca34d6c245913b6dfb887d8a5e0b630597a34677",
                "sha256:b0c77bd722eb0168c4ea30bf46e0b493ce398c7398e315996ab27535781dc99a",
                "sha256:b92537106ce321cc1e3a830a6bbdc5ffc48120e2936120af45c87c41bd10a83c",
                "sha256:fd6218f1bfd5e4d8dad65dd8a148dc0526b2c14a552f5b662523632143a71ad9"
            ],
            "index": "pypi",
            "version": "==1.6.2"
        }
    },
    "develop": {}
}
